// !$*UTF8*$!
{
	archiveVersion = 1;
	classes = {
	};
	objectVersion = 56;
	objects = {

/* Begin PBXBuildFile section */
		151304742B0E81500088E4AA /* ScoringSheetViewModel.swift in Sources */ = {isa = PBXBuildFile; fileRef = 151304732B0E81500088E4AA /* ScoringSheetViewModel.swift */; };
		151B48D32D400FBC00E73378 /* DebugSwift in Frameworks */ = {isa = PBXBuildFile; productRef = 151B48D22D400FBC00E73378 /* DebugSwift */; };
		15A080822D4122E900A9E7FA /* Extensions.swift in Sources */ = {isa = PBXBuildFile; fileRef = 15A080812D4122E900A9E7FA /* Extensions.swift */; };
		15A080842D414F4A00A9E7FA /* FinalScoreView.swift in Sources */ = {isa = PBXBuildFile; fileRef = 15A080832D414F4A00A9E7FA /* FinalScoreView.swift */; };
		15B9B67E2D523E5500A2F01F /* ConfettiSwiftUI in Frameworks */ = {isa = PBXBuildFile; productRef = 15B9B67D2D523E5500A2F01F /* ConfettiSwiftUI */; };
		15B9B6802D5240A100A2F01F /* FinalScoreViewModel.swift in Sources */ = {isa = PBXBuildFile; fileRef = 15B9B67F2D5240A100A2F01F /* FinalScoreViewModel.swift */; };
		15CAFD8C2AFAD2D20079789C /* AwesomeScoringSheetApp.swift in Sources */ = {isa = PBXBuildFile; fileRef = 15CAFD8B2AFAD2D20079789C /* AwesomeScoringSheetApp.swift */; };
		15CAFD8E2AFAD2D20079789C /* ScoringSheet.swift in Sources */ = {isa = PBXBuildFile; fileRef = 15CAFD8D2AFAD2D20079789C /* ScoringSheet.swift */; };
		15CAFD902AFAD2D30079789C /* Assets.xcassets in Resources */ = {isa = PBXBuildFile; fileRef = 15CAFD8F2AFAD2D30079789C /* Assets.xcassets */; };
		15CAFD942AFAD2D30079789C /* Preview Assets.xcassets in Resources */ = {isa = PBXBuildFile; fileRef = 15CAFD932AFAD2D30079789C /* Preview Assets.xcassets */; };
		15CAFD9E2AFAD2D30079789C /* AwesomeScoringSheetTests.swift in Sources */ = {isa = PBXBuildFile; fileRef = 15CAFD9D2AFAD2D30079789C /* AwesomeScoringSheetTests.swift */; };
		15CAFDA82AFAD2D40079789C /* AwesomeScoringSheetUITests.swift in Sources */ = {isa = PBXBuildFile; fileRef = 15CAFDA72AFAD2D40079789C /* AwesomeScoringSheetUITests.swift */; };
		15CAFDAA2AFAD2D40079789C /* AwesomeScoringSheetUITestsLaunchTests.swift in Sources */ = {isa = PBXBuildFile; fileRef = 15CAFDA92AFAD2D40079789C /* AwesomeScoringSheetUITestsLaunchTests.swift */; };
		15FD6ECC2B04048800D05AF4 /* Player.swift in Sources */ = {isa = PBXBuildFile; fileRef = 15FD6ECB2B04048800D05AF4 /* Player.swift */; };
		15FD6ECE2B0404A700D05AF4 /* Category.swift in Sources */ = {isa = PBXBuildFile; fileRef = 15FD6ECD2B0404A700D05AF4 /* Category.swift */; };
		15FD6ED02B0404BA00D05AF4 /* PlayerScore.swift in Sources */ = {isa = PBXBuildFile; fileRef = 15FD6ECF2B0404BA00D05AF4 /* PlayerScore.swift */; };
/* End PBXBuildFile section */

/* Begin PBXContainerItemProxy section */
		15CAFD9A2AFAD2D30079789C /* PBXContainerItemProxy */ = {
			isa = PBXContainerItemProxy;
			containerPortal = 15CAFD802AFAD2D20079789C /* Project object */;
			proxyType = 1;
			remoteGlobalIDString = 15CAFD872AFAD2D20079789C;
			remoteInfo = AwesomeScoringSheet;
		};
		15CAFDA42AFAD2D40079789C /* PBXContainerItemProxy */ = {
			isa = PBXContainerItemProxy;
			containerPortal = 15CAFD802AFAD2D20079789C /* Project object */;
			proxyType = 1;
			remoteGlobalIDString = 15CAFD872AFAD2D20079789C;
			remoteInfo = AwesomeScoringSheet;
		};
/* End PBXContainerItemProxy section */

/* Begin PBXFileReference section */
		151304732B0E81500088E4AA /* ScoringSheetViewModel.swift */ = {isa = PBXFileReference; lastKnownFileType = sourcecode.swift; path = ScoringSheetViewModel.swift; sourceTree = "<group>"; };
		15A080812D4122E900A9E7FA /* Extensions.swift */ = {isa = PBXFileReference; lastKnownFileType = sourcecode.swift; path = Extensions.swift; sourceTree = "<group>"; };
		15A080832D414F4A00A9E7FA /* FinalScoreView.swift */ = {isa = PBXFileReference; lastKnownFileType = sourcecode.swift; path = FinalScoreView.swift; sourceTree = "<group>"; };
		15B9B67F2D5240A100A2F01F /* FinalScoreViewModel.swift */ = {isa = PBXFileReference; lastKnownFileType = sourcecode.swift; path = FinalScoreViewModel.swift; sourceTree = "<group>"; };
		15CAFD882AFAD2D20079789C /* AwesomeScoringSheet.app */ = {isa = PBXFileReference; explicitFileType = wrapper.application; includeInIndex = 0; path = AwesomeScoringSheet.app; sourceTree = BUILT_PRODUCTS_DIR; };
		15CAFD8B2AFAD2D20079789C /* AwesomeScoringSheetApp.swift */ = {isa = PBXFileReference; lastKnownFileType = sourcecode.swift; path = AwesomeScoringSheetApp.swift; sourceTree = "<group>"; };
		15CAFD8D2AFAD2D20079789C /* ScoringSheet.swift */ = {isa = PBXFileReference; lastKnownFileType = sourcecode.swift; path = ScoringSheet.swift; sourceTree = "<group>"; };
		15CAFD8F2AFAD2D30079789C /* Assets.xcassets */ = {isa = PBXFileReference; lastKnownFileType = folder.assetcatalog; path = Assets.xcassets; sourceTree = "<group>"; };
		15CAFD912AFAD2D30079789C /* AwesomeScoringSheet.entitlements */ = {isa = PBXFileReference; lastKnownFileType = text.plist.entitlements; path = AwesomeScoringSheet.entitlements; sourceTree = "<group>"; };
		15CAFD932AFAD2D30079789C /* Preview Assets.xcassets */ = {isa = PBXFileReference; lastKnownFileType = folder.assetcatalog; path = "Preview Assets.xcassets"; sourceTree = "<group>"; };
		15CAFD992AFAD2D30079789C /* AwesomeScoringSheetTests.xctest */ = {isa = PBXFileReference; explicitFileType = wrapper.cfbundle; includeInIndex = 0; path = AwesomeScoringSheetTests.xctest; sourceTree = BUILT_PRODUCTS_DIR; };
		15CAFD9D2AFAD2D30079789C /* AwesomeScoringSheetTests.swift */ = {isa = PBXFileReference; lastKnownFileType = sourcecode.swift; path = AwesomeScoringSheetTests.swift; sourceTree = "<group>"; };
		15CAFDA32AFAD2D40079789C /* AwesomeScoringSheetUITests.xctest */ = {isa = PBXFileReference; explicitFileType = wrapper.cfbundle; includeInIndex = 0; path = AwesomeScoringSheetUITests.xctest; sourceTree = BUILT_PRODUCTS_DIR; };
		15CAFDA72AFAD2D40079789C /* AwesomeScoringSheetUITests.swift */ = {isa = PBXFileReference; lastKnownFileType = sourcecode.swift; path = AwesomeScoringSheetUITests.swift; sourceTree = "<group>"; };
		15CAFDA92AFAD2D40079789C /* AwesomeScoringSheetUITestsLaunchTests.swift */ = {isa = PBXFileReference; lastKnownFileType = sourcecode.swift; path = AwesomeScoringSheetUITestsLaunchTests.swift; sourceTree = "<group>"; };
		15FD6ECB2B04048800D05AF4 /* Player.swift */ = {isa = PBXFileReference; lastKnownFileType = sourcecode.swift; path = Player.swift; sourceTree = "<group>"; };
		15FD6ECD2B0404A700D05AF4 /* Category.swift */ = {isa = PBXFileReference; lastKnownFileType = sourcecode.swift; path = Category.swift; sourceTree = "<group>"; };
		15FD6ECF2B0404BA00D05AF4 /* PlayerScore.swift */ = {isa = PBXFileReference; lastKnownFileType = sourcecode.swift; path = PlayerScore.swift; sourceTree = "<group>"; };
/* End PBXFileReference section */

/* Begin PBXFrameworksBuildPhase section */
		15CAFD852AFAD2D20079789C /* Frameworks */ = {
			isa = PBXFrameworksBuildPhase;
			buildActionMask = 2147483647;
			files = (
				15B9B67E2D523E5500A2F01F /* ConfettiSwiftUI in Frameworks */,
				151B48D32D400FBC00E73378 /* DebugSwift in Frameworks */,
			);
			runOnlyForDeploymentPostprocessing = 0;
		};
		15CAFD962AFAD2D30079789C /* Frameworks */ = {
			isa = PBXFrameworksBuildPhase;
			buildActionMask = 2147483647;
			files = (
			);
			runOnlyForDeploymentPostprocessing = 0;
		};
		15CAFDA02AFAD2D40079789C /* Frameworks */ = {
			isa = PBXFrameworksBuildPhase;
			buildActionMask = 2147483647;
			files = (
			);
			runOnlyForDeploymentPostprocessing = 0;
		};
/* End PBXFrameworksBuildPhase section */

/* Begin PBXGroup section */
		15CAFD7F2AFAD2D20079789C = {
			isa = PBXGroup;
			children = (
				15CAFD8A2AFAD2D20079789C /* AwesomeScoringSheet */,
				15CAFD9C2AFAD2D30079789C /* AwesomeScoringSheetTests */,
				15CAFDA62AFAD2D40079789C /* AwesomeScoringSheetUITests */,
				15CAFD892AFAD2D20079789C /* Products */,
			);
			sourceTree = "<group>";
		};
		15CAFD892AFAD2D20079789C /* Products */ = {
			isa = PBXGroup;
			children = (
				15CAFD882AFAD2D20079789C /* AwesomeScoringSheet.app */,
				15CAFD992AFAD2D30079789C /* AwesomeScoringSheetTests.xctest */,
				15CAFDA32AFAD2D40079789C /* AwesomeScoringSheetUITests.xctest */,
			);
			name = Products;
			sourceTree = "<group>";
		};
		15CAFD8A2AFAD2D20079789C /* AwesomeScoringSheet */ = {
			isa = PBXGroup;
			children = (
				15CAFD8B2AFAD2D20079789C /* AwesomeScoringSheetApp.swift */,
				15CAFD8D2AFAD2D20079789C /* ScoringSheet.swift */,
				15A080832D414F4A00A9E7FA /* FinalScoreView.swift */,
				15B9B67F2D5240A100A2F01F /* FinalScoreViewModel.swift */,
				15A080812D4122E900A9E7FA /* Extensions.swift */,
				15FD6EC92B04046A00D05AF4 /* ScoringSheet */,
				15CAFD8F2AFAD2D30079789C /* Assets.xcassets */,
				15CAFD912AFAD2D30079789C /* AwesomeScoringSheet.entitlements */,
				15CAFD922AFAD2D30079789C /* Preview Content */,
			);
			path = AwesomeScoringSheet;
			sourceTree = "<group>";
		};
		15CAFD922AFAD2D30079789C /* Preview Content */ = {
			isa = PBXGroup;
			children = (
				15CAFD932AFAD2D30079789C /* Preview Assets.xcassets */,
			);
			path = "Preview Content";
			sourceTree = "<group>";
		};
		15CAFD9C2AFAD2D30079789C /* AwesomeScoringSheetTests */ = {
			isa = PBXGroup;
			children = (
				15CAFD9D2AFAD2D30079789C /* AwesomeScoringSheetTests.swift */,
			);
			path = AwesomeScoringSheetTests;
			sourceTree = "<group>";
		};
		15CAFDA62AFAD2D40079789C /* AwesomeScoringSheetUITests */ = {
			isa = PBXGroup;
			children = (
				15CAFDA72AFAD2D40079789C /* AwesomeScoringSheetUITests.swift */,
				15CAFDA92AFAD2D40079789C /* AwesomeScoringSheetUITestsLaunchTests.swift */,
			);
			path = AwesomeScoringSheetUITests;
			sourceTree = "<group>";
		};
		15FD6EC92B04046A00D05AF4 /* ScoringSheet */ = {
			isa = PBXGroup;
			children = (
				15FD6ECA2B04047A00D05AF4 /* Models */,
				151304732B0E81500088E4AA /* ScoringSheetViewModel.swift */,
			);
			path = ScoringSheet;
			sourceTree = "<group>";
		};
		15FD6ECA2B04047A00D05AF4 /* Models */ = {
			isa = PBXGroup;
			children = (
				15FD6ECB2B04048800D05AF4 /* Player.swift */,
				15FD6ECD2B0404A700D05AF4 /* Category.swift */,
				15FD6ECF2B0404BA00D05AF4 /* PlayerScore.swift */,
			);
			path = Models;
			sourceTree = "<group>";
		};
/* End PBXGroup section */

/* Begin PBXNativeTarget section */
		15CAFD872AFAD2D20079789C /* AwesomeScoringSheet */ = {
			isa = PBXNativeTarget;
			buildConfigurationList = 15CAFDAD2AFAD2D40079789C /* Build configuration list for PBXNativeTarget "AwesomeScoringSheet" */;
			buildPhases = (
				15CAFD842AFAD2D20079789C /* Sources */,
				15CAFD852AFAD2D20079789C /* Frameworks */,
				15CAFD862AFAD2D20079789C /* Resources */,
				15A080802D411B7900A9E7FA /* ShellScript */,
			);
			buildRules = (
			);
			dependencies = (
			);
			name = AwesomeScoringSheet;
			productName = AwesomeScoringSheet;
			productReference = 15CAFD882AFAD2D20079789C /* AwesomeScoringSheet.app */;
			productType = "com.apple.product-type.application";
		};
		15CAFD982AFAD2D30079789C /* AwesomeScoringSheetTests */ = {
			isa = PBXNativeTarget;
			buildConfigurationList = 15CAFDB02AFAD2D40079789C /* Build configuration list for PBXNativeTarget "AwesomeScoringSheetTests" */;
			buildPhases = (
				15CAFD952AFAD2D30079789C /* Sources */,
				15CAFD962AFAD2D30079789C /* Frameworks */,
				15CAFD972AFAD2D30079789C /* Resources */,
			);
			buildRules = (
			);
			dependencies = (
				15CAFD9B2AFAD2D30079789C /* PBXTargetDependency */,
			);
			name = AwesomeScoringSheetTests;
			productName = AwesomeScoringSheetTests;
			productReference = 15CAFD992AFAD2D30079789C /* AwesomeScoringSheetTests.xctest */;
			productType = "com.apple.product-type.bundle.unit-test";
		};
		15CAFDA22AFAD2D40079789C /* AwesomeScoringSheetUITests */ = {
			isa = PBXNativeTarget;
			buildConfigurationList = 15CAFDB32AFAD2D40079789C /* Build configuration list for PBXNativeTarget "AwesomeScoringSheetUITests" */;
			buildPhases = (
				15CAFD9F2AFAD2D40079789C /* Sources */,
				15CAFDA02AFAD2D40079789C /* Frameworks */,
				15CAFDA12AFAD2D40079789C /* Resources */,
			);
			buildRules = (
			);
			dependencies = (
				15CAFDA52AFAD2D40079789C /* PBXTargetDependency */,
			);
			name = AwesomeScoringSheetUITests;
			productName = AwesomeScoringSheetUITests;
			productReference = 15CAFDA32AFAD2D40079789C /* AwesomeScoringSheetUITests.xctest */;
			productType = "com.apple.product-type.bundle.ui-testing";
		};
/* End PBXNativeTarget section */

/* Begin PBXProject section */
		15CAFD802AFAD2D20079789C /* Project object */ = {
			isa = PBXProject;
			attributes = {
				BuildIndependentTargetsInParallel = 1;
				LastSwiftUpdateCheck = 1420;
				LastUpgradeCheck = 1620;
				TargetAttributes = {
					15CAFD872AFAD2D20079789C = {
						CreatedOnToolsVersion = 14.2;
					};
					15CAFD982AFAD2D30079789C = {
						CreatedOnToolsVersion = 14.2;
						TestTargetID = 15CAFD872AFAD2D20079789C;
					};
					15CAFDA22AFAD2D40079789C = {
						CreatedOnToolsVersion = 14.2;
						TestTargetID = 15CAFD872AFAD2D20079789C;
					};
				};
			};
			buildConfigurationList = 15CAFD832AFAD2D20079789C /* Build configuration list for PBXProject "AwesomeScoringSheet" */;
			compatibilityVersion = "Xcode 14.0";
			developmentRegion = en;
			hasScannedForEncodings = 0;
			knownRegions = (
				en,
				Base,
			);
			mainGroup = 15CAFD7F2AFAD2D20079789C;
			packageReferences = (
				151B48D12D400FBC00E73378 /* XCRemoteSwiftPackageReference "DebugSwift" */,
				15A0807F2D411B4600A9E7FA /* XCRemoteSwiftPackageReference "SwiftLintPlugins" */,
				15B9B67C2D523E5500A2F01F /* XCRemoteSwiftPackageReference "ConfettiSwiftUI" */,
			);
			productRefGroup = 15CAFD892AFAD2D20079789C /* Products */;
			projectDirPath = "";
			projectRoot = "";
			targets = (
				15CAFD872AFAD2D20079789C /* AwesomeScoringSheet */,
				15CAFD982AFAD2D30079789C /* AwesomeScoringSheetTests */,
				15CAFDA22AFAD2D40079789C /* AwesomeScoringSheetUITests */,
			);
		};
/* End PBXProject section */

/* Begin PBXResourcesBuildPhase section */
		15CAFD862AFAD2D20079789C /* Resources */ = {
			isa = PBXResourcesBuildPhase;
			buildActionMask = 2147483647;
			files = (
				15CAFD942AFAD2D30079789C /* Preview Assets.xcassets in Resources */,
				15CAFD902AFAD2D30079789C /* Assets.xcassets in Resources */,
			);
			runOnlyForDeploymentPostprocessing = 0;
		};
		15CAFD972AFAD2D30079789C /* Resources */ = {
			isa = PBXResourcesBuildPhase;
			buildActionMask = 2147483647;
			files = (
			);
			runOnlyForDeploymentPostprocessing = 0;
		};
		15CAFDA12AFAD2D40079789C /* Resources */ = {
			isa = PBXResourcesBuildPhase;
			buildActionMask = 2147483647;
			files = (
			);
			runOnlyForDeploymentPostprocessing = 0;
		};
/* End PBXResourcesBuildPhase section */

/* Begin PBXShellScriptBuildPhase section */
		15A080802D411B7900A9E7FA /* ShellScript */ = {
			isa = PBXShellScriptBuildPhase;
			alwaysOutOfDate = 1;
			buildActionMask = 2147483647;
			files = (
			);
			inputFileListPaths = (
			);
			inputPaths = (
			);
			outputFileListPaths = (
			);
			outputPaths = (
			);
			runOnlyForDeploymentPostprocessing = 0;
			shellPath = /bin/sh;
			shellScript = "SWIFT_PACKAGE_DIR=\"${BUILD_DIR%Build/*}SourcePackages/artifacts\"\nSWIFTLINT_CMD=$(ls \"$SWIFT_PACKAGE_DIR\"/swiftlintplugins/SwiftLintBinary/SwiftLintBinary.artifactbundle/swiftlint-*-macos/bin/swiftlint | head -n 1 )\n\nif test -f \"$SWIFTLINT_CMD\" 2>&1\nthen\n    \"$SWIFTLINT_CMD\" --fix\nelse\n    echo \"warning: `swiftlint` command not found - See https://github.com/realm/SwiftLint#installation for installation instructions.\"\nfi\n";
		};
/* End PBXShellScriptBuildPhase section */

/* Begin PBXSourcesBuildPhase section */
		15CAFD842AFAD2D20079789C /* Sources */ = {
			isa = PBXSourcesBuildPhase;
			buildActionMask = 2147483647;
			files = (
				15A080842D414F4A00A9E7FA /* FinalScoreView.swift in Sources */,
				15CAFD8E2AFAD2D20079789C /* ScoringSheet.swift in Sources */,
				15FD6ECC2B04048800D05AF4 /* Player.swift in Sources */,
				15A080822D4122E900A9E7FA /* Extensions.swift in Sources */,
				15CAFD8C2AFAD2D20079789C /* AwesomeScoringSheetApp.swift in Sources */,
				151304742B0E81500088E4AA /* ScoringSheetViewModel.swift in Sources */,
				15FD6ECE2B0404A700D05AF4 /* Category.swift in Sources */,
				15FD6ED02B0404BA00D05AF4 /* PlayerScore.swift in Sources */,
				15B9B6802D5240A100A2F01F /* FinalScoreViewModel.swift in Sources */,
			);
			runOnlyForDeploymentPostprocessing = 0;
		};
		15CAFD952AFAD2D30079789C /* Sources */ = {
			isa = PBXSourcesBuildPhase;
			buildActionMask = 2147483647;
			files = (
				15CAFD9E2AFAD2D30079789C /* AwesomeScoringSheetTests.swift in Sources */,
			);
			runOnlyForDeploymentPostprocessing = 0;
		};
		15CAFD9F2AFAD2D40079789C /* Sources */ = {
			isa = PBXSourcesBuildPhase;
			buildActionMask = 2147483647;
			files = (
				15CAFDAA2AFAD2D40079789C /* AwesomeScoringSheetUITestsLaunchTests.swift in Sources */,
				15CAFDA82AFAD2D40079789C /* AwesomeScoringSheetUITests.swift in Sources */,
			);
			runOnlyForDeploymentPostprocessing = 0;
		};
/* End PBXSourcesBuildPhase section */

/* Begin PBXTargetDependency section */
		15CAFD9B2AFAD2D30079789C /* PBXTargetDependency */ = {
			isa = PBXTargetDependency;
			target = 15CAFD872AFAD2D20079789C /* AwesomeScoringSheet */;
			targetProxy = 15CAFD9A2AFAD2D30079789C /* PBXContainerItemProxy */;
		};
		15CAFDA52AFAD2D40079789C /* PBXTargetDependency */ = {
			isa = PBXTargetDependency;
			target = 15CAFD872AFAD2D20079789C /* AwesomeScoringSheet */;
			targetProxy = 15CAFDA42AFAD2D40079789C /* PBXContainerItemProxy */;
		};
/* End PBXTargetDependency section */

/* Begin XCBuildConfiguration section */
		15CAFDAB2AFAD2D40079789C /* Debug */ = {
			isa = XCBuildConfiguration;
			buildSettings = {
				ALWAYS_SEARCH_USER_PATHS = NO;
				CLANG_ANALYZER_NONNULL = YES;
				CLANG_ANALYZER_NUMBER_OBJECT_CONVERSION = YES_AGGRESSIVE;
				CLANG_CXX_LANGUAGE_STANDARD = "gnu++20";
				CLANG_ENABLE_MODULES = YES;
				CLANG_ENABLE_OBJC_ARC = YES;
				CLANG_ENABLE_OBJC_WEAK = YES;
				CLANG_WARN_BLOCK_CAPTURE_AUTORELEASING = YES;
				CLANG_WARN_BOOL_CONVERSION = YES;
				CLANG_WARN_COMMA = YES;
				CLANG_WARN_CONSTANT_CONVERSION = YES;
				CLANG_WARN_DEPRECATED_OBJC_IMPLEMENTATIONS = YES;
				CLANG_WARN_DIRECT_OBJC_ISA_USAGE = YES_ERROR;
				CLANG_WARN_DOCUMENTATION_COMMENTS = YES;
				CLANG_WARN_EMPTY_BODY = YES;
				CLANG_WARN_ENUM_CONVERSION = YES;
				CLANG_WARN_INFINITE_RECURSION = YES;
				CLANG_WARN_INT_CONVERSION = YES;
				CLANG_WARN_NON_LITERAL_NULL_CONVERSION = YES;
				CLANG_WARN_OBJC_IMPLICIT_RETAIN_SELF = YES;
				CLANG_WARN_OBJC_LITERAL_CONVERSION = YES;
				CLANG_WARN_OBJC_ROOT_CLASS = YES_ERROR;
				CLANG_WARN_QUOTED_INCLUDE_IN_FRAMEWORK_HEADER = YES;
				CLANG_WARN_RANGE_LOOP_ANALYSIS = YES;
				CLANG_WARN_STRICT_PROTOTYPES = YES;
				CLANG_WARN_SUSPICIOUS_MOVE = YES;
				CLANG_WARN_UNGUARDED_AVAILABILITY = YES_AGGRESSIVE;
				CLANG_WARN_UNREACHABLE_CODE = YES;
				CLANG_WARN__DUPLICATE_METHOD_MATCH = YES;
				COPY_PHASE_STRIP = NO;
				DEAD_CODE_STRIPPING = YES;
				DEBUG_INFORMATION_FORMAT = dwarf;
				ENABLE_STRICT_OBJC_MSGSEND = YES;
				ENABLE_TESTABILITY = YES;
				GCC_C_LANGUAGE_STANDARD = gnu11;
				GCC_DYNAMIC_NO_PIC = NO;
				GCC_NO_COMMON_BLOCKS = YES;
				GCC_OPTIMIZATION_LEVEL = 0;
				GCC_PREPROCESSOR_DEFINITIONS = (
					"DEBUG=1",
					"$(inherited)",
				);
				GCC_WARN_64_TO_32_BIT_CONVERSION = YES;
				GCC_WARN_ABOUT_RETURN_TYPE = YES_ERROR;
				GCC_WARN_UNDECLARED_SELECTOR = YES;
				GCC_WARN_UNINITIALIZED_AUTOS = YES_AGGRESSIVE;
				GCC_WARN_UNUSED_FUNCTION = YES;
				GCC_WARN_UNUSED_VARIABLE = YES;
				MTL_ENABLE_DEBUG_INFO = INCLUDE_SOURCE;
				MTL_FAST_MATH = YES;
				ONLY_ACTIVE_ARCH = YES;
				SWIFT_ACTIVE_COMPILATION_CONDITIONS = DEBUG;
				SWIFT_OPTIMIZATION_LEVEL = "-Onone";
			};
			name = Debug;
		};
		15CAFDAC2AFAD2D40079789C /* Release */ = {
			isa = XCBuildConfiguration;
			buildSettings = {
				ALWAYS_SEARCH_USER_PATHS = NO;
				CLANG_ANALYZER_NONNULL = YES;
				CLANG_ANALYZER_NUMBER_OBJECT_CONVERSION = YES_AGGRESSIVE;
				CLANG_CXX_LANGUAGE_STANDARD = "gnu++20";
				CLANG_ENABLE_MODULES = YES;
				CLANG_ENABLE_OBJC_ARC = YES;
				CLANG_ENABLE_OBJC_WEAK = YES;
				CLANG_WARN_BLOCK_CAPTURE_AUTORELEASING = YES;
				CLANG_WARN_BOOL_CONVERSION = YES;
				CLANG_WARN_COMMA = YES;
				CLANG_WARN_CONSTANT_CONVERSION = YES;
				CLANG_WARN_DEPRECATED_OBJC_IMPLEMENTATIONS = YES;
				CLANG_WARN_DIRECT_OBJC_ISA_USAGE = YES_ERROR;
				CLANG_WARN_DOCUMENTATION_COMMENTS = YES;
				CLANG_WARN_EMPTY_BODY = YES;
				CLANG_WARN_ENUM_CONVERSION = YES;
				CLANG_WARN_INFINITE_RECURSION = YES;
				CLANG_WARN_INT_CONVERSION = YES;
				CLANG_WARN_NON_LITERAL_NULL_CONVERSION = YES;
				CLANG_WARN_OBJC_IMPLICIT_RETAIN_SELF = YES;
				CLANG_WARN_OBJC_LITERAL_CONVERSION = YES;
				CLANG_WARN_OBJC_ROOT_CLASS = YES_ERROR;
				CLANG_WARN_QUOTED_INCLUDE_IN_FRAMEWORK_HEADER = YES;
				CLANG_WARN_RANGE_LOOP_ANALYSIS = YES;
				CLANG_WARN_STRICT_PROTOTYPES = YES;
				CLANG_WARN_SUSPICIOUS_MOVE = YES;
				CLANG_WARN_UNGUARDED_AVAILABILITY = YES_AGGRESSIVE;
				CLANG_WARN_UNREACHABLE_CODE = YES;
				CLANG_WARN__DUPLICATE_METHOD_MATCH = YES;
				COPY_PHASE_STRIP = NO;
				DEAD_CODE_STRIPPING = YES;
				DEBUG_INFORMATION_FORMAT = "dwarf-with-dsym";
				ENABLE_NS_ASSERTIONS = NO;
				ENABLE_STRICT_OBJC_MSGSEND = YES;
				GCC_C_LANGUAGE_STANDARD = gnu11;
				GCC_NO_COMMON_BLOCKS = YES;
				GCC_WARN_64_TO_32_BIT_CONVERSION = YES;
				GCC_WARN_ABOUT_RETURN_TYPE = YES_ERROR;
				GCC_WARN_UNDECLARED_SELECTOR = YES;
				GCC_WARN_UNINITIALIZED_AUTOS = YES_AGGRESSIVE;
				GCC_WARN_UNUSED_FUNCTION = YES;
				GCC_WARN_UNUSED_VARIABLE = YES;
				MTL_ENABLE_DEBUG_INFO = NO;
				MTL_FAST_MATH = YES;
				SWIFT_COMPILATION_MODE = wholemodule;
				SWIFT_OPTIMIZATION_LEVEL = "-O";
			};
			name = Release;
		};
		15CAFDAE2AFAD2D40079789C /* Debug */ = {
			isa = XCBuildConfiguration;
			buildSettings = {
				ASSETCATALOG_COMPILER_APPICON_NAME = AppIcon;
				ASSETCATALOG_COMPILER_GLOBAL_ACCENT_COLOR_NAME = AccentColor;
				CODE_SIGN_ENTITLEMENTS = AwesomeScoringSheet/AwesomeScoringSheet.entitlements;
				CODE_SIGN_STYLE = Automatic;
				CURRENT_PROJECT_VERSION = 1;
				DEAD_CODE_STRIPPING = YES;
				DEVELOPMENT_ASSET_PATHS = "\"AwesomeScoringSheet/Preview Content\"";
				DEVELOPMENT_TEAM = B65B7G9L44;
				ENABLE_HARDENED_RUNTIME = YES;
				ENABLE_PREVIEWS = YES;
				GENERATE_INFOPLIST_FILE = YES;
				"INFOPLIST_KEY_UIApplicationSceneManifest_Generation[sdk=iphoneos*]" = YES;
				"INFOPLIST_KEY_UIApplicationSceneManifest_Generation[sdk=iphonesimulator*]" = YES;
				"INFOPLIST_KEY_UIApplicationSupportsIndirectInputEvents[sdk=iphoneos*]" = YES;
				"INFOPLIST_KEY_UIApplicationSupportsIndirectInputEvents[sdk=iphonesimulator*]" = YES;
				"INFOPLIST_KEY_UILaunchScreen_Generation[sdk=iphoneos*]" = YES;
				"INFOPLIST_KEY_UILaunchScreen_Generation[sdk=iphonesimulator*]" = YES;
				"INFOPLIST_KEY_UIStatusBarStyle[sdk=iphoneos*]" = UIStatusBarStyleDefault;
				"INFOPLIST_KEY_UIStatusBarStyle[sdk=iphonesimulator*]" = UIStatusBarStyleDefault;
				INFOPLIST_KEY_UISupportedInterfaceOrientations_iPad = "UIInterfaceOrientationPortrait UIInterfaceOrientationPortraitUpsideDown UIInterfaceOrientationLandscapeLeft UIInterfaceOrientationLandscapeRight";
				INFOPLIST_KEY_UISupportedInterfaceOrientations_iPhone = "UIInterfaceOrientationPortrait UIInterfaceOrientationLandscapeLeft UIInterfaceOrientationLandscapeRight";
				IPHONEOS_DEPLOYMENT_TARGET = 17.0;
				LD_RUNPATH_SEARCH_PATHS = "@executable_path/Frameworks";
				"LD_RUNPATH_SEARCH_PATHS[sdk=macosx*]" = "@executable_path/../Frameworks";
				MACOSX_DEPLOYMENT_TARGET = 12.5;
				MARKETING_VERSION = 1.0;
				PRODUCT_BUNDLE_IDENTIFIER = bshddev.AwesomeScoringSheet;
				PRODUCT_NAME = "$(TARGET_NAME)";
				SDKROOT = auto;
				SUPPORTED_PLATFORMS = "iphoneos iphonesimulator macosx";
				SWIFT_EMIT_LOC_STRINGS = YES;
				SWIFT_VERSION = 5.0;
				TARGETED_DEVICE_FAMILY = "1,2";
			};
			name = Debug;
		};
		15CAFDAF2AFAD2D40079789C /* Release */ = {
			isa = XCBuildConfiguration;
			buildSettings = {
				ASSETCATALOG_COMPILER_APPICON_NAME = AppIcon;
				ASSETCATALOG_COMPILER_GLOBAL_ACCENT_COLOR_NAME = AccentColor;
				CODE_SIGN_ENTITLEMENTS = AwesomeScoringSheet/AwesomeScoringSheet.entitlements;
				CODE_SIGN_STYLE = Automatic;
				CURRENT_PROJECT_VERSION = 1;
				DEAD_CODE_STRIPPING = YES;
				DEVELOPMENT_ASSET_PATHS = "\"AwesomeScoringSheet/Preview Content\"";
				DEVELOPMENT_TEAM = B65B7G9L44;
				ENABLE_HARDENED_RUNTIME = YES;
				ENABLE_PREVIEWS = YES;
				GENERATE_INFOPLIST_FILE = YES;
				"INFOPLIST_KEY_UIApplicationSceneManifest_Generation[sdk=iphoneos*]" = YES;
				"INFOPLIST_KEY_UIApplicationSceneManifest_Generation[sdk=iphonesimulator*]" = YES;
				"INFOPLIST_KEY_UIApplicationSupportsIndirectInputEvents[sdk=iphoneos*]" = YES;
				"INFOPLIST_KEY_UIApplicationSupportsIndirectInputEvents[sdk=iphonesimulator*]" = YES;
				"INFOPLIST_KEY_UILaunchScreen_Generation[sdk=iphoneos*]" = YES;
				"INFOPLIST_KEY_UILaunchScreen_Generation[sdk=iphonesimulator*]" = YES;
				"INFOPLIST_KEY_UIStatusBarStyle[sdk=iphoneos*]" = UIStatusBarStyleDefault;
				"INFOPLIST_KEY_UIStatusBarStyle[sdk=iphonesimulator*]" = UIStatusBarStyleDefault;
				INFOPLIST_KEY_UISupportedInterfaceOrientations_iPad = "UIInterfaceOrientationPortrait UIInterfaceOrientationPortraitUpsideDown UIInterfaceOrientationLandscapeLeft UIInterfaceOrientationLandscapeRight";
				INFOPLIST_KEY_UISupportedInterfaceOrientations_iPhone = "UIInterfaceOrientationPortrait UIInterfaceOrientationLandscapeLeft UIInterfaceOrientationLandscapeRight";
				IPHONEOS_DEPLOYMENT_TARGET = 17.0;
				LD_RUNPATH_SEARCH_PATHS = "@executable_path/Frameworks";
				"LD_RUNPATH_SEARCH_PATHS[sdk=macosx*]" = "@executable_path/../Frameworks";
				MACOSX_DEPLOYMENT_TARGET = 12.5;
				MARKETING_VERSION = 1.0;
				PRODUCT_BUNDLE_IDENTIFIER = bshddev.AwesomeScoringSheet;
				PRODUCT_NAME = "$(TARGET_NAME)";
				SDKROOT = auto;
				SUPPORTED_PLATFORMS = "iphoneos iphonesimulator macosx";
				SWIFT_EMIT_LOC_STRINGS = YES;
				SWIFT_VERSION = 5.0;
				TARGETED_DEVICE_FAMILY = "1,2";
			};
			name = Release;
		};
		15CAFDB12AFAD2D40079789C /* Debug */ = {
			isa = XCBuildConfiguration;
			buildSettings = {
				BUNDLE_LOADER = "$(TEST_HOST)";
				CODE_SIGN_STYLE = Automatic;
				CURRENT_PROJECT_VERSION = 1;
				DEAD_CODE_STRIPPING = YES;
				DEVELOPMENT_TEAM = B65B7G9L44;
				GENERATE_INFOPLIST_FILE = YES;
				IPHONEOS_DEPLOYMENT_TARGET = 16.2;
				MACOSX_DEPLOYMENT_TARGET = 12.5;
				MARKETING_VERSION = 1.0;
				PRODUCT_BUNDLE_IDENTIFIER = bshddev.AwesomeScoringSheetTests;
				PRODUCT_NAME = "$(TARGET_NAME)";
				SDKROOT = auto;
				SUPPORTED_PLATFORMS = "iphoneos iphonesimulator macosx";
				SWIFT_EMIT_LOC_STRINGS = NO;
				SWIFT_VERSION = 5.0;
				TARGETED_DEVICE_FAMILY = "1,2";
				TEST_HOST = "$(BUILT_PRODUCTS_DIR)/AwesomeScoringSheet.app/$(BUNDLE_EXECUTABLE_FOLDER_PATH)/AwesomeScoringSheet";
			};
			name = Debug;
		};
		15CAFDB22AFAD2D40079789C /* Release */ = {
			isa = XCBuildConfiguration;
			buildSettings = {
				BUNDLE_LOADER = "$(TEST_HOST)";
				CODE_SIGN_STYLE = Automatic;
				CURRENT_PROJECT_VERSION = 1;
				DEAD_CODE_STRIPPING = YES;
				DEVELOPMENT_TEAM = B65B7G9L44;
				GENERATE_INFOPLIST_FILE = YES;
				IPHONEOS_DEPLOYMENT_TARGET = 16.2;
				MACOSX_DEPLOYMENT_TARGET = 12.5;
				MARKETING_VERSION = 1.0;
				PRODUCT_BUNDLE_IDENTIFIER = bshddev.AwesomeScoringSheetTests;
				PRODUCT_NAME = "$(TARGET_NAME)";
				SDKROOT = auto;
				SUPPORTED_PLATFORMS = "iphoneos iphonesimulator macosx";
				SWIFT_EMIT_LOC_STRINGS = NO;
				SWIFT_VERSION = 5.0;
				TARGETED_DEVICE_FAMILY = "1,2";
				TEST_HOST = "$(BUILT_PRODUCTS_DIR)/AwesomeScoringSheet.app/$(BUNDLE_EXECUTABLE_FOLDER_PATH)/AwesomeScoringSheet";
			};
			name = Release;
		};
		15CAFDB42AFAD2D40079789C /* Debug */ = {
			isa = XCBuildConfiguration;
			buildSettings = {
				CODE_SIGN_STYLE = Automatic;
				CURRENT_PROJECT_VERSION = 1;
				DEAD_CODE_STRIPPING = YES;
				DEVELOPMENT_TEAM = B65B7G9L44;
				GENERATE_INFOPLIST_FILE = YES;
				IPHONEOS_DEPLOYMENT_TARGET = 16.2;
				MACOSX_DEPLOYMENT_TARGET = 12.5;
				MARKETING_VERSION = 1.0;
				PRODUCT_BUNDLE_IDENTIFIER = bshddev.AwesomeScoringSheetUITests;
				PRODUCT_NAME = "$(TARGET_NAME)";
				SDKROOT = auto;
				SUPPORTED_PLATFORMS = "iphoneos iphonesimulator macosx";
				SWIFT_EMIT_LOC_STRINGS = NO;
				SWIFT_VERSION = 5.0;
				TARGETED_DEVICE_FAMILY = "1,2";
				TEST_TARGET_NAME = AwesomeScoringSheet;
			};
			name = Debug;
		};
		15CAFDB52AFAD2D40079789C /* Release */ = {
			isa = XCBuildConfiguration;
			buildSettings = {
				CODE_SIGN_STYLE = Automatic;
				CURRENT_PROJECT_VERSION = 1;
				DEAD_CODE_STRIPPING = YES;
				DEVELOPMENT_TEAM = B65B7G9L44;
				GENERATE_INFOPLIST_FILE = YES;
				IPHONEOS_DEPLOYMENT_TARGET = 16.2;
				MACOSX_DEPLOYMENT_TARGET = 12.5;
				MARKETING_VERSION = 1.0;
				PRODUCT_BUNDLE_IDENTIFIER = bshddev.AwesomeScoringSheetUITests;
				PRODUCT_NAME = "$(TARGET_NAME)";
				SDKROOT = auto;
				SUPPORTED_PLATFORMS = "iphoneos iphonesimulator macosx";
				SWIFT_EMIT_LOC_STRINGS = NO;
				SWIFT_VERSION = 5.0;
				TARGETED_DEVICE_FAMILY = "1,2";
				TEST_TARGET_NAME = AwesomeScoringSheet;
			};
			name = Release;
		};
/* End XCBuildConfiguration section */

/* Begin XCConfigurationList section */
		15CAFD832AFAD2D20079789C /* Build configuration list for PBXProject "AwesomeScoringSheet" */ = {
			isa = XCConfigurationList;
			buildConfigurations = (
				15CAFDAB2AFAD2D40079789C /* Debug */,
				15CAFDAC2AFAD2D40079789C /* Release */,
			);
			defaultConfigurationIsVisible = 0;
			defaultConfigurationName = Release;
		};
		15CAFDAD2AFAD2D40079789C /* Build configuration list for PBXNativeTarget "AwesomeScoringSheet" */ = {
			isa = XCConfigurationList;
			buildConfigurations = (
				15CAFDAE2AFAD2D40079789C /* Debug */,
				15CAFDAF2AFAD2D40079789C /* Release */,
			);
			defaultConfigurationIsVisible = 0;
			defaultConfigurationName = Release;
		};
		15CAFDB02AFAD2D40079789C /* Build configuration list for PBXNativeTarget "AwesomeScoringSheetTests" */ = {
			isa = XCConfigurationList;
			buildConfigurations = (
				15CAFDB12AFAD2D40079789C /* Debug */,
				15CAFDB22AFAD2D40079789C /* Release */,
			);
			defaultConfigurationIsVisible = 0;
			defaultConfigurationName = Release;
		};
		15CAFDB32AFAD2D40079789C /* Build configuration list for PBXNativeTarget "AwesomeScoringSheetUITests" */ = {
			isa = XCConfigurationList;
			buildConfigurations = (
				15CAFDB42AFAD2D40079789C /* Debug */,
				15CAFDB52AFAD2D40079789C /* Release */,
			);
			defaultConfigurationIsVisible = 0;
			defaultConfigurationName = Release;
		};
/* End XCConfigurationList section */

/* Begin XCRemoteSwiftPackageReference section */
		151B48D12D400FBC00E73378 /* XCRemoteSwiftPackageReference "DebugSwift" */ = {
			isa = XCRemoteSwiftPackageReference;
			repositoryURL = "https://github.com/DebugSwift/DebugSwift.git";
			requirement = {
				kind = upToNextMajorVersion;
				minimumVersion = 0.3.9;
			};
		};
		15A0807F2D411B4600A9E7FA /* XCRemoteSwiftPackageReference "SwiftLintPlugins" */ = {
			isa = XCRemoteSwiftPackageReference;
			repositoryURL = "https://github.com/SimplyDanny/SwiftLintPlugins";
			requirement = {
				kind = upToNextMajorVersion;
				minimumVersion = 0.58.2;
			};
		};
		15B9B67C2D523E5500A2F01F /* XCRemoteSwiftPackageReference "ConfettiSwiftUI" */ = {
			isa = XCRemoteSwiftPackageReference;
			repositoryURL = "https://github.com/simibac/ConfettiSwiftUI.git";
			requirement = {
				kind = upToNextMajorVersion;
				minimumVersion = 2.0.2;
			};
		};
/* End XCRemoteSwiftPackageReference section */

/* Begin XCSwiftPackageProductDependency section */
		151B48D22D400FBC00E73378 /* DebugSwift */ = {
			isa = XCSwiftPackageProductDependency;
			package = 151B48D12D400FBC00E73378 /* XCRemoteSwiftPackageReference "DebugSwift" */;
			productName = DebugSwift;
		};
		15B9B67D2D523E5500A2F01F /* ConfettiSwiftUI */ = {
			isa = XCSwiftPackageProductDependency;
			package = 15B9B67C2D523E5500A2F01F /* XCRemoteSwiftPackageReference "ConfettiSwiftUI" */;
			productName = ConfettiSwiftUI;
		};
/* End XCSwiftPackageProductDependency section */
	};
	rootObject = 15CAFD802AFAD2D20079789C /* Project object */;
}
